
Microsoft Visual Studio Solution File, Format Version 12.00
# Visual Studio Version 17
VisualStudioVersion = 17.3.32611.2
MinimumVisualStudioVersion = 10.0.40219.1
Project("{FAE04EC0-301F-11D3-BF4B-00C04F79EFBC}") = "ApuriV3", "ApuriV3\ApuriV3.csproj", "{1DA31EF9-7F91-43AB-B7EC-30A414B92FA2}"
EndProject
Global
	GlobalSection(SolutionConfigurationPlatforms) = preSolution
		Debug|Any CPU = Debug|Any CPU
		Release|Any CPU = Release|Any CPU
	EndGlobalSection
	GlobalSection(ProjectConfigurationPlatforms) = postSolution
		{1DA31EF9-7F91-43AB-B7EC-30A414B92FA2}.Debug|Any CPU.ActiveCfg = Debug|Any CPU
		{1DA31EF9-7F91-43AB-B7EC-30A414B92FA2}.Debug|Any CPU.Build.0 = Debug|Any CPU
		{1DA31EF9-7F91-43AB-B7EC-30A414B92FA2}.Release|Any CPU.ActiveCfg = Release|Any CPU
		{1DA31EF9-7F91-43AB-B7EC-30A414B92FA2}.Release|Any CPU.Build.0 = Release|Any CPU
	EndGlobalSection
	GlobalSection(SolutionProperties) = preSolution
		HideSolutionNode = FALSE
	EndGlobalSection
	GlobalSection(ExtensibilityGlobals) = postSolution
		SolutionGuid = {C026B845-FBD7-4DEB-94CB-508CEE2A1238}
	EndGlobalSection
EndGlobal
